{
  "name": "Kader",
  "lockfileVersion": 2,
  "requires": true,
  "packages": {
    "": {
      "dependencies": {
        "awesome-debounce-promise": "^2.1.0"
      }
    },
    "node_modules/@types/debounce-promise": {
      "version": "3.1.3",
      "resolved": "https://registry.npmjs.org/@types/debounce-promise/-/debounce-promise-3.1.3.tgz",
      "integrity": "sha512-mjcCf//DAUQ6YLQMhqYJAv/+a4BsE1GQFmy1el5K62wLJJmQwGi3TsnshhOFynPpuBF9Gh2Vvb+5ImPi47KaZw=="
    },
    "node_modules/awesome-debounce-promise": {
      "version": "2.1.0",
      "resolved": "https://registry.npmjs.org/awesome-debounce-promise/-/awesome-debounce-promise-2.1.0.tgz",
      "integrity": "sha512-0Dv4j2wKk5BrNZh4jgV2HUdznaeVgEK/WTvcHhZWUElhmQ1RR+iURRoLEwICFyR0S/5VtxfcvY6gR+qSe95jNg==",
      "dependencies": {
        "@types/debounce-promise": "^3.1.1",
        "awesome-imperative-promise": "^1.0.1",
        "awesome-only-resolves-last-promise": "^1.0.3",
        "debounce-promise": "^3.1.0"
      },
      "engines": {
        "node": ">=8",
        "npm": ">=5"
      }
    },
    "node_modules/awesome-imperative-promise": {
      "version": "1.0.1",
      "resolved": "https://registry.npmjs.org/awesome-imperative-promise/-/awesome-imperative-promise-1.0.1.tgz",
      "integrity": "sha512-EmPr3FqbQGqlNh+WxMNcF9pO9uDQJnOC4/3rLBQNH9m4E9qI+8lbfHCmHpVAsmGqPJPKhCjJLHUQzQW/RBHRdQ==",
      "engines": {
        "node": ">=8",
        "npm": ">=5"
      }
    },
    "node_modules/awesome-only-resolves-last-promise": {
      "version": "1.0.3",
      "resolved": "https://registry.npmjs.org/awesome-only-resolves-last-promise/-/awesome-only-resolves-last-promise-1.0.3.tgz",
      "integrity": "sha512-7q4WPsYiD8Omvi/yHL314DkvsD/lM//Z2/KcU1vWk0xJotiV0GMJTgHTpWl3n90HJqpXKg7qX+VVNs5YbQyPRQ==",
      "dependencies": {
        "awesome-imperative-promise": "^1.0.1"
      },
      "engines": {
        "node": ">=8",
        "npm": ">=5"
      }
    },
    "node_modules/debounce-promise": {
      "version": "3.1.2",
      "resolved": "https://registry.npmjs.org/debounce-promise/-/debounce-promise-3.1.2.tgz",
      "integrity": "sha512-rZHcgBkbYavBeD9ej6sP56XfG53d51CD4dnaw989YX/nZ/ZJfgRx/9ePKmTNiUiyQvh4mtrMoS3OAWW+yoYtpg=="
    }
  },
  "dependencies": {
    "@types/debounce-promise": {
      "version": "3.1.3",
      "resolved": "https://registry.npmjs.org/@types/debounce-promise/-/debounce-promise-3.1.3.tgz",
      "integrity": "sha512-mjcCf//DAUQ6YLQMhqYJAv/+a4BsE1GQFmy1el5K62wLJJmQwGi3TsnshhOFynPpuBF9Gh2Vvb+5ImPi47KaZw=="
    },
    "awesome-debounce-promise": {
      "version": "2.1.0",
      "resolved": "https://registry.npmjs.org/awesome-debounce-promise/-/awesome-debounce-promise-2.1.0.tgz",
      "integrity": "sha512-0Dv4j2wKk5BrNZh4jgV2HUdznaeVgEK/WTvcHhZWUElhmQ1RR+iURRoLEwICFyR0S/5VtxfcvY6gR+qSe95jNg==",
      "requires": {
        "@types/debounce-promise": "^3.1.1",
        "awesome-imperative-promise": "^1.0.1",
        "awesome-only-resolves-last-promise": "^1.0.3",
        "debounce-promise": "^3.1.0"
      }
    },
    "awesome-imperative-promise": {
      "version": "1.0.1",
      "resolved": "https://registry.npmjs.org/awesome-imperative-promise/-/awesome-imperative-promise-1.0.1.tgz",
      "integrity": "sha512-EmPr3FqbQGqlNh+WxMNcF9pO9uDQJnOC4/3rLBQNH9m4E9qI+8lbfHCmHpVAsmGqPJPKhCjJLHUQzQW/RBHRdQ=="
    },
    "awesome-only-resolves-last-promise": {
      "version": "1.0.3",
      "resolved": "https://registry.npmjs.org/awesome-only-resolves-last-promise/-/awesome-only-resolves-last-promise-1.0.3.tgz",
      "integrity": "sha512-7q4WPsYiD8Omvi/yHL314DkvsD/lM//Z2/KcU1vWk0xJotiV0GMJTgHTpWl3n90HJqpXKg7qX+VVNs5YbQyPRQ==",
      "requires": {
        "awesome-imperative-promise": "^1.0.1"
      }
    },
    "debounce-promise": {
      "version": "3.1.2",
      "resolved": "https://registry.npmjs.org/debounce-promise/-/debounce-promise-3.1.2.tgz",
      "integrity": "sha512-rZHcgBkbYavBeD9ej6sP56XfG53d51CD4dnaw989YX/nZ/ZJfgRx/9ePKmTNiUiyQvh4mtrMoS3OAWW+yoYtpg=="
    }
  }
}
